
Microsoft Visual Studio Solution File, Format Version 12.00
# Visual Studio Version 17
VisualStudioVersion = 17.0.31903.59
MinimumVisualStudioVersion = 10.0.40219.1
Project("{2150E333-8FDC-42A3-9474-1A3956D46DE8}") = "src", "src", "{827E0CD3-B72D-47B6-A68D-7590B98EB39B}"
EndProject
Project("{FAE04EC0-301F-11D3-BF4B-00C04F79EFBC}") = "DapperToolkit.Core", "src\DapperToolkit.Core\DapperToolkit.Core.csproj", "{73635E8F-7BFE-4587-B00E-E062D3BB844E}"
EndProject
Project("{FAE04EC0-301F-11D3-BF4B-00C04F79EFBC}") = "DapperToolkit.SqlServer", "src\DapperToolkit.SqlServer\DapperToolkit.SqlServer.csproj", "{42B1C4F9-E44C-412F-A01E-5BDF58C05FAD}"
EndProject
Project("{FAE04EC0-301F-11D3-BF4B-00C04F79EFBC}") = "DapperToolkit.Oracle", "src\DapperToolkit.Oracle\DapperToolkit.Oracle.csproj", "{AC14E1F9-DA09-46D8-A27E-22AECF49B009}"
EndProject
Project("{2150E333-8FDC-42A3-9474-1A3956D46DE8}") = "tests", "tests", "{0AB3BF05-4346-4AA6-1389-037BE0695223}"
EndProject
Project("{FAE04EC0-301F-11D3-BF4B-00C04F79EFBC}") = "DapperToolkit.UnitTests", "tests\DapperToolkit.UnitTests\DapperToolkit.UnitTests.csproj", "{06EDDE97-0D4F-4956-B588-296C4DE7727D}"
EndProject
Project("{2150E333-8FDC-42A3-9474-1A3956D46DE8}") = "samples", "samples", "{5D20AA90-6969-D8BD-9DCD-8634F4692FDA}"
EndProject
Project("{FAE04EC0-301F-11D3-BF4B-00C04F79EFBC}") = "ConnectionSample", "samples\ConnectionSample\ConnectionSample.csproj", "{8AE79DCB-7BAB-4899-82FC-D91E4F715865}"
EndProject
Global
	GlobalSection(SolutionConfigurationPlatforms) = preSolution
		Debug|Any CPU = Debug|Any CPU
		Debug|x64 = Debug|x64
		Debug|x86 = Debug|x86
		Release|Any CPU = Release|Any CPU
		Release|x64 = Release|x64
		Release|x86 = Release|x86
	EndGlobalSection
	GlobalSection(ProjectConfigurationPlatforms) = postSolution
		{73635E8F-7BFE-4587-B00E-E062D3BB844E}.Debug|Any CPU.ActiveCfg = Debug|Any CPU
		{73635E8F-7BFE-4587-B00E-E062D3BB844E}.Debug|Any CPU.Build.0 = Debug|Any CPU
		{73635E8F-7BFE-4587-B00E-E062D3BB844E}.Debug|x64.ActiveCfg = Debug|Any CPU
		{73635E8F-7BFE-4587-B00E-E062D3BB844E}.Debug|x64.Build.0 = Debug|Any CPU
		{73635E8F-7BFE-4587-B00E-E062D3BB844E}.Debug|x86.ActiveCfg = Debug|Any CPU
		{73635E8F-7BFE-4587-B00E-E062D3BB844E}.Debug|x86.Build.0 = Debug|Any CPU
		{73635E8F-7BFE-4587-B00E-E062D3BB844E}.Release|Any CPU.ActiveCfg = Release|Any CPU
		{73635E8F-7BFE-4587-B00E-E062D3BB844E}.Release|Any CPU.Build.0 = Release|Any CPU
		{73635E8F-7BFE-4587-B00E-E062D3BB844E}.Release|x64.ActiveCfg = Release|Any CPU
		{73635E8F-7BFE-4587-B00E-E062D3BB844E}.Release|x64.Build.0 = Release|Any CPU
		{73635E8F-7BFE-4587-B00E-E062D3BB844E}.Release|x86.ActiveCfg = Release|Any CPU
		{73635E8F-7BFE-4587-B00E-E062D3BB844E}.Release|x86.Build.0 = Release|Any CPU
		{42B1C4F9-E44C-412F-A01E-5BDF58C05FAD}.Debug|Any CPU.ActiveCfg = Debug|Any CPU
		{42B1C4F9-E44C-412F-A01E-5BDF58C05FAD}.Debug|Any CPU.Build.0 = Debug|Any CPU
		{42B1C4F9-E44C-412F-A01E-5BDF58C05FAD}.Debug|x64.ActiveCfg = Debug|Any CPU
		{42B1C4F9-E44C-412F-A01E-5BDF58C05FAD}.Debug|x64.Build.0 = Debug|Any CPU
		{42B1C4F9-E44C-412F-A01E-5BDF58C05FAD}.Debug|x86.ActiveCfg = Debug|Any CPU
		{42B1C4F9-E44C-412F-A01E-5BDF58C05FAD}.Debug|x86.Build.0 = Debug|Any CPU
		{42B1C4F9-E44C-412F-A01E-5BDF58C05FAD}.Release|Any CPU.ActiveCfg = Release|Any CPU
		{42B1C4F9-E44C-412F-A01E-5BDF58C05FAD}.Release|Any CPU.Build.0 = Release|Any CPU
		{42B1C4F9-E44C-412F-A01E-5BDF58C05FAD}.Release|x64.ActiveCfg = Release|Any CPU
		{42B1C4F9-E44C-412F-A01E-5BDF58C05FAD}.Release|x64.Build.0 = Release|Any CPU
		{42B1C4F9-E44C-412F-A01E-5BDF58C05FAD}.Release|x86.ActiveCfg = Release|Any CPU
		{42B1C4F9-E44C-412F-A01E-5BDF58C05FAD}.Release|x86.Build.0 = Release|Any CPU
		{AC14E1F9-DA09-46D8-A27E-22AECF49B009}.Debug|Any CPU.ActiveCfg = Debug|Any CPU
		{AC14E1F9-DA09-46D8-A27E-22AECF49B009}.Debug|Any CPU.Build.0 = Debug|Any CPU
		{AC14E1F9-DA09-46D8-A27E-22AECF49B009}.Debug|x64.ActiveCfg = Debug|Any CPU
		{AC14E1F9-DA09-46D8-A27E-22AECF49B009}.Debug|x64.Build.0 = Debug|Any CPU
		{AC14E1F9-DA09-46D8-A27E-22AECF49B009}.Debug|x86.ActiveCfg = Debug|Any CPU
		{AC14E1F9-DA09-46D8-A27E-22AECF49B009}.Debug|x86.Build.0 = Debug|Any CPU
		{AC14E1F9-DA09-46D8-A27E-22AECF49B009}.Release|Any CPU.ActiveCfg = Release|Any CPU
		{AC14E1F9-DA09-46D8-A27E-22AECF49B009}.Release|Any CPU.Build.0 = Release|Any CPU
		{AC14E1F9-DA09-46D8-A27E-22AECF49B009}.Release|x64.ActiveCfg = Release|Any CPU
		{AC14E1F9-DA09-46D8-A27E-22AECF49B009}.Release|x64.Build.0 = Release|Any CPU
		{AC14E1F9-DA09-46D8-A27E-22AECF49B009}.Release|x86.ActiveCfg = Release|Any CPU
		{AC14E1F9-DA09-46D8-A27E-22AECF49B009}.Release|x86.Build.0 = Release|Any CPU
		{06EDDE97-0D4F-4956-B588-296C4DE7727D}.Debug|Any CPU.ActiveCfg = Debug|Any CPU
		{06EDDE97-0D4F-4956-B588-296C4DE7727D}.Debug|Any CPU.Build.0 = Debug|Any CPU
		{06EDDE97-0D4F-4956-B588-296C4DE7727D}.Debug|x64.ActiveCfg = Debug|Any CPU
		{06EDDE97-0D4F-4956-B588-296C4DE7727D}.Debug|x64.Build.0 = Debug|Any CPU
		{06EDDE97-0D4F-4956-B588-296C4DE7727D}.Debug|x86.ActiveCfg = Debug|Any CPU
		{06EDDE97-0D4F-4956-B588-296C4DE7727D}.Debug|x86.Build.0 = Debug|Any CPU
		{06EDDE97-0D4F-4956-B588-296C4DE7727D}.Release|Any CPU.ActiveCfg = Release|Any CPU
		{06EDDE97-0D4F-4956-B588-296C4DE7727D}.Release|Any CPU.Build.0 = Release|Any CPU
		{06EDDE97-0D4F-4956-B588-296C4DE7727D}.Release|x64.ActiveCfg = Release|Any CPU
		{06EDDE97-0D4F-4956-B588-296C4DE7727D}.Release|x64.Build.0 = Release|Any CPU
		{06EDDE97-0D4F-4956-B588-296C4DE7727D}.Release|x86.ActiveCfg = Release|Any CPU
		{06EDDE97-0D4F-4956-B588-296C4DE7727D}.Release|x86.Build.0 = Release|Any CPU
		{8AE79DCB-7BAB-4899-82FC-D91E4F715865}.Debug|Any CPU.ActiveCfg = Debug|Any CPU
		{8AE79DCB-7BAB-4899-82FC-D91E4F715865}.Debug|Any CPU.Build.0 = Debug|Any CPU
		{8AE79DCB-7BAB-4899-82FC-D91E4F715865}.Debug|x64.ActiveCfg = Debug|Any CPU
		{8AE79DCB-7BAB-4899-82FC-D91E4F715865}.Debug|x64.Build.0 = Debug|Any CPU
		{8AE79DCB-7BAB-4899-82FC-D91E4F715865}.Debug|x86.ActiveCfg = Debug|Any CPU
		{8AE79DCB-7BAB-4899-82FC-D91E4F715865}.Debug|x86.Build.0 = Debug|Any CPU
		{8AE79DCB-7BAB-4899-82FC-D91E4F715865}.Release|Any CPU.ActiveCfg = Release|Any CPU
		{8AE79DCB-7BAB-4899-82FC-D91E4F715865}.Release|Any CPU.Build.0 = Release|Any CPU
		{8AE79DCB-7BAB-4899-82FC-D91E4F715865}.Release|x64.ActiveCfg = Release|Any CPU
		{8AE79DCB-7BAB-4899-82FC-D91E4F715865}.Release|x64.Build.0 = Release|Any CPU
		{8AE79DCB-7BAB-4899-82FC-D91E4F715865}.Release|x86.ActiveCfg = Release|Any CPU
		{8AE79DCB-7BAB-4899-82FC-D91E4F715865}.Release|x86.Build.0 = Release|Any CPU
	EndGlobalSection
	GlobalSection(SolutionProperties) = preSolution
		HideSolutionNode = FALSE
	EndGlobalSection
	GlobalSection(NestedProjects) = preSolution
		{73635E8F-7BFE-4587-B00E-E062D3BB844E} = {827E0CD3-B72D-47B6-A68D-7590B98EB39B}
		{42B1C4F9-E44C-412F-A01E-5BDF58C05FAD} = {827E0CD3-B72D-47B6-A68D-7590B98EB39B}
		{AC14E1F9-DA09-46D8-A27E-22AECF49B009} = {827E0CD3-B72D-47B6-A68D-7590B98EB39B}
		{06EDDE97-0D4F-4956-B588-296C4DE7727D} = {0AB3BF05-4346-4AA6-1389-037BE0695223}
		{8AE79DCB-7BAB-4899-82FC-D91E4F715865} = {5D20AA90-6969-D8BD-9DCD-8634F4692FDA}
	EndGlobalSection
EndGlobal
